
Microsoft Visual Studio Solution File, Format Version 12.00
# Visual Studio 14
VisualStudioVersion = 14.0.23107.0
MinimumVisualStudioVersion = 10.0.40219.1
Project("{FAE04EC0-301F-11D3-BF4B-00C04F79EFBC}") = "OrmDemo", "OrmDemo\OrmDemo.csproj", "{D7EAD3A3-C20C-48C2-AC1C-3B06F9D48313}"
EndProject
Project("{FAE04EC0-301F-11D3-BF4B-00C04F79EFBC}") = "Domain", "Domain\Domain.csproj", "{D98FC96D-296C-44BB-AC01-28BBB48FC369}"
EndProject
Project("{FAE04EC0-301F-11D3-BF4B-00C04F79EFBC}") = "OrmDemo.Dapper", "OrmDemo.Dapper\OrmDemo.Dapper.csproj", "{E1DF77D3-31FE-4AA9-A456-F20C4845472B}"
EndProject
Project("{FAE04EC0-301F-11D3-BF4B-00C04F79EFBC}") = "OrmDemo.EF", "OrmDemo.EF\OrmDemo.EF.csproj", "{66E38FEB-3907-478D-B725-CC6799B83CB3}"
EndProject
Project("{F2A71F9B-5D33-465A-A702-920D77279786}") = "OrmDemo.Fsharp", "OrmDemo.Fsharp\OrmDemo.Fsharp.fsproj", "{871B97C1-3C1E-47F3-BEB8-F76A104EE93F}"
EndProject
Global
	GlobalSection(SolutionConfigurationPlatforms) = preSolution
		Debug|Any CPU = Debug|Any CPU
		Release|Any CPU = Release|Any CPU
	EndGlobalSection
	GlobalSection(ProjectConfigurationPlatforms) = postSolution
		{D7EAD3A3-C20C-48C2-AC1C-3B06F9D48313}.Debug|Any CPU.ActiveCfg = Debug|Any CPU
		{D7EAD3A3-C20C-48C2-AC1C-3B06F9D48313}.Debug|Any CPU.Build.0 = Debug|Any CPU
		{D7EAD3A3-C20C-48C2-AC1C-3B06F9D48313}.Release|Any CPU.ActiveCfg = Release|Any CPU
		{D7EAD3A3-C20C-48C2-AC1C-3B06F9D48313}.Release|Any CPU.Build.0 = Release|Any CPU
		{D98FC96D-296C-44BB-AC01-28BBB48FC369}.Debug|Any CPU.ActiveCfg = Debug|Any CPU
		{D98FC96D-296C-44BB-AC01-28BBB48FC369}.Debug|Any CPU.Build.0 = Debug|Any CPU
		{D98FC96D-296C-44BB-AC01-28BBB48FC369}.Release|Any CPU.ActiveCfg = Release|Any CPU
		{D98FC96D-296C-44BB-AC01-28BBB48FC369}.Release|Any CPU.Build.0 = Release|Any CPU
		{E1DF77D3-31FE-4AA9-A456-F20C4845472B}.Debug|Any CPU.ActiveCfg = Debug|Any CPU
		{E1DF77D3-31FE-4AA9-A456-F20C4845472B}.Debug|Any CPU.Build.0 = Debug|Any CPU
		{E1DF77D3-31FE-4AA9-A456-F20C4845472B}.Release|Any CPU.ActiveCfg = Release|Any CPU
		{E1DF77D3-31FE-4AA9-A456-F20C4845472B}.Release|Any CPU.Build.0 = Release|Any CPU
		{66E38FEB-3907-478D-B725-CC6799B83CB3}.Debug|Any CPU.ActiveCfg = Debug|Any CPU
		{66E38FEB-3907-478D-B725-CC6799B83CB3}.Debug|Any CPU.Build.0 = Debug|Any CPU
		{66E38FEB-3907-478D-B725-CC6799B83CB3}.Release|Any CPU.ActiveCfg = Release|Any CPU
		{66E38FEB-3907-478D-B725-CC6799B83CB3}.Release|Any CPU.Build.0 = Release|Any CPU
		{871B97C1-3C1E-47F3-BEB8-F76A104EE93F}.Debug|Any CPU.ActiveCfg = Debug|Any CPU
		{871B97C1-3C1E-47F3-BEB8-F76A104EE93F}.Debug|Any CPU.Build.0 = Debug|Any CPU
		{871B97C1-3C1E-47F3-BEB8-F76A104EE93F}.Release|Any CPU.ActiveCfg = Release|Any CPU
		{871B97C1-3C1E-47F3-BEB8-F76A104EE93F}.Release|Any CPU.Build.0 = Release|Any CPU
	EndGlobalSection
	GlobalSection(SolutionProperties) = preSolution
		HideSolutionNode = FALSE
	EndGlobalSection
EndGlobal
